# THIS IS AN AUTOGENERATED FILE. DO NOT EDIT THIS FILE DIRECTLY.
# yarn lockfile v1


boolbase@^1.0.0:
  version "1.0.0"
  resolved "https://registry.npm.taobao.org/boolbase/download/boolbase-1.0.0.tgz#68dff5fbe60c51eb37725ea9e3ed310dcc1e776e"
  integrity sha1-aN/1++YMUes3cl6p4+0xDcwed24=

css-select@^3.1.2:
  version "3.1.2"
  resolved "https://registry.npm.taobao.org/css-select/download/css-select-3.1.2.tgz#d52cbdc6fee379fba97fb0d3925abbd18af2d9d8"
  integrity sha1-1Sy9xv7jefupf7DTklq70Yry2dg=
  dependencies:
    boolbase "^1.0.0"
    css-what "^4.0.0"
    domhandler "^4.0.0"
    domutils "^2.4.3"
    nth-check "^2.0.0"

css-what@^4.0.0:
  version "4.0.0"
  resolved "https://registry.npm.taobao.org/css-what/download/css-what-4.0.0.tgz?cache=0&other_urls=https%3A%2F%2Fregistry.npm.taobao.org%2Fcss-what%2Fdownload%2Fcss-what-4.0.0.tgz#35e73761cab2eeb3d3661126b23d7aa0e8432233"
  integrity sha1-Nec3Ycqy7rPTZhEmsj16oOhDIjM=

dom-serializer@^1.0.1:
  version "1.2.0"
  resolved "https://registry.npm.taobao.org/dom-serializer/download/dom-serializer-1.2.0.tgz#3433d9136aeb3c627981daa385fc7f32d27c48f1"
  integrity sha1-NDPZE2rrPGJ5gdqjhfx/MtJ8SPE=
  dependencies:
    domelementtype "^2.0.1"
    domhandler "^4.0.0"
    entities "^2.0.0"

domelementtype@^2.0.1, domelementtype@^2.2.0:
  version "2.2.0"
  resolved "https://registry.npm.taobao.org/domelementtype/download/domelementtype-2.2.0.tgz#9a0b6c2782ed6a1c7323d42267183df9bd8b1d57"
  integrity sha1-mgtsJ4LtahxzI9QiZxg9+b2LHVc=

domhandler@^4.0.0, domhandler@^4.1.0:
  version "4.1.0"
  resolved "https://registry.npm.taobao.org/domhandler/download/domhandler-4.1.0.tgz?cache=0&sync_timestamp=1617300012373&other_urls=https%3A%2F%2Fregistry.npm.taobao.org%2Fdomhandler%2Fdownload%2Fdomhandler-4.1.0.tgz#c1d8d494d5ec6db22de99e46a149c2a4d23ddd43"
  integrity sha1-wdjUlNXsbbIt6Z5GoUnCpNI93UM=
  dependencies:
    domelementtype "^2.2.0"

domutils@^2.4.3:
  version "2.5.1"
  resolved "https://registry.npm.taobao.org/domutils/download/domutils-2.5.1.tgz#9b8e84b5d9f788499ae77506ea832e9b4f9aa1c0"
  integrity sha1-m46Etdn3iEma53UG6oMum0+aocA=
  dependencies:
    dom-serializer "^1.0.1"
    domelementtype "^2.2.0"
    domhandler "^4.1.0"

entities@^2.0.0:
  version "2.2.0"
  resolved "https://registry.npm.taobao.org/entities/download/entities-2.2.0.tgz#098dc90ebb83d8dffa089d55256b351d34c4da55"
  integrity sha1-CY3JDruD2N/6CJ1VJWs1HTTE2lU=

he@1.2.0:
  version "1.2.0"
  resolved "https://registry.npm.taobao.org/he/download/he-1.2.0.tgz#84ae65fa7eafb165fddb61566ae14baf05664f0f"
  integrity sha1-hK5l+n6vsWX922FWauFLrwVmTw8=

node-html-parser@^3.1.3:
  version "3.1.3"
  resolved "https://registry.npm.taobao.org/node-html-parser/download/node-html-parser-3.1.3.tgz#987d39bc8df27bc70cbe3b4e9a31fd84f7454dfb"
  integrity sha1-mH05vI3ye8cMvjtOmjH9hPdFTfs=
  dependencies:
    css-select "^3.1.2"
    he "1.2.0"

nth-check@^2.0.0:
  version "2.0.0"
  resolved "https://registry.npm.taobao.org/nth-check/download/nth-check-2.0.0.tgz#1bb4f6dac70072fc313e8c9cd1417b5074c0a125"
  integrity sha1-G7T22scAcvwxPoyc0UF7UHTAoSU=
  dependencies:
    boolbase "^1.0.0"
